# THIS IS AN AUTOGENERATED FILE. DO NOT EDIT THIS FILE DIRECTLY.
# yarn lockfile v1


angular@1.5.11:
  version "1.5.11"
  resolved "https://registry.yarnpkg.com/angular/-/angular-1.5.11.tgz#8c5ba7386f15965c9acf3429f6881553aada30d6"

jquery@1.12.0:
  version "1.12.0"
  resolved "https://registry.yarnpkg.com/jquery/-/jquery-1.12.0.tgz#44653be4e3e4628b106bf2141dfd10fbca6021ef"
